
Microsoft Visual Studio Solution File, Format Version 12.00
# Visual Studio Version 17
VisualStudioVersion = 17.2.32630.192
MinimumVisualStudioVersion = 10.0.40219.1
Project("{9A19103F-16F7-4668-BE54-9A1E7A4F7556}") = "Parte1", "OMundoDasClasses\Parte1.csproj", "{CAB32753-407E-4DE0-B88E-5D71DC53ABCE}"
EndProject
Project("{9A19103F-16F7-4668-BE54-9A1E7A4F7556}") = "Parte2", "Parte2\Parte2.csproj", "{9EFFBA5C-AE0F-43E4-AB19-8F6AA796F1A3}"
EndProject
Project("{9A19103F-16F7-4668-BE54-9A1E7A4F7556}") = "VoceDisseInterfaces", "VoceDisseInterfaces\VoceDisseInterfaces.csproj", "{4EE24492-8FC4-487F-B7D3-DE996FF84452}"
EndProject
Project("{FAE04EC0-301F-11D3-BF4B-00C04F79EFBC}") = "ModuloCalculadora", "ModuloCalculadora\ModuloCalculadora.csproj", "{7969C5ED-1573-4913-B45E-80E8558A9A95}"
EndProject
Global
	GlobalSection(SolutionConfigurationPlatforms) = preSolution
		Debug|Any CPU = Debug|Any CPU
		Release|Any CPU = Release|Any CPU
	EndGlobalSection
	GlobalSection(ProjectConfigurationPlatforms) = postSolution
		{CAB32753-407E-4DE0-B88E-5D71DC53ABCE}.Debug|Any CPU.ActiveCfg = Debug|Any CPU
		{CAB32753-407E-4DE0-B88E-5D71DC53ABCE}.Debug|Any CPU.Build.0 = Debug|Any CPU
		{CAB32753-407E-4DE0-B88E-5D71DC53ABCE}.Release|Any CPU.ActiveCfg = Release|Any CPU
		{CAB32753-407E-4DE0-B88E-5D71DC53ABCE}.Release|Any CPU.Build.0 = Release|Any CPU
		{9EFFBA5C-AE0F-43E4-AB19-8F6AA796F1A3}.Debug|Any CPU.ActiveCfg = Debug|Any CPU
		{9EFFBA5C-AE0F-43E4-AB19-8F6AA796F1A3}.Debug|Any CPU.Build.0 = Debug|Any CPU
		{9EFFBA5C-AE0F-43E4-AB19-8F6AA796F1A3}.Release|Any CPU.ActiveCfg = Release|Any CPU
		{9EFFBA5C-AE0F-43E4-AB19-8F6AA796F1A3}.Release|Any CPU.Build.0 = Release|Any CPU
		{4EE24492-8FC4-487F-B7D3-DE996FF84452}.Debug|Any CPU.ActiveCfg = Debug|Any CPU
		{4EE24492-8FC4-487F-B7D3-DE996FF84452}.Debug|Any CPU.Build.0 = Debug|Any CPU
		{4EE24492-8FC4-487F-B7D3-DE996FF84452}.Release|Any CPU.ActiveCfg = Release|Any CPU
		{4EE24492-8FC4-487F-B7D3-DE996FF84452}.Release|Any CPU.Build.0 = Release|Any CPU
		{7969C5ED-1573-4913-B45E-80E8558A9A95}.Debug|Any CPU.ActiveCfg = Debug|Any CPU
		{7969C5ED-1573-4913-B45E-80E8558A9A95}.Debug|Any CPU.Build.0 = Debug|Any CPU
		{7969C5ED-1573-4913-B45E-80E8558A9A95}.Release|Any CPU.ActiveCfg = Release|Any CPU
		{7969C5ED-1573-4913-B45E-80E8558A9A95}.Release|Any CPU.Build.0 = Release|Any CPU
	EndGlobalSection
	GlobalSection(SolutionProperties) = preSolution
		HideSolutionNode = FALSE
	EndGlobalSection
	GlobalSection(ExtensibilityGlobals) = postSolution
		SolutionGuid = {042E4774-97A6-4201-B65F-0CF3A7E949A0}
	EndGlobalSection
EndGlobal
